// !$*UTF8*$!
{
	archiveVersion = 1;
	classes = {
	};
	objectVersion = 52;
	objects = {

/* Begin PBXBuildFile section */
		646DC6D325ECAD6200DB7DA6 /* WikipediaKit in Frameworks */ = {isa = PBXBuildFile; productRef = 646DC6D225ECAD6200DB7DA6 /* WikipediaKit */; };
		64E9956025F596EF00FD427C /* LoginPageViewController.swift in Sources */ = {isa = PBXBuildFile; fileRef = 64E9955F25F596EF00FD427C /* LoginPageViewController.swift */; };
		64E9958725F59ECD00FD427C /* Login.storyboard in Resources */ = {isa = PBXBuildFile; fileRef = 64E9958625F59ECD00FD427C /* Login.storyboard */; };
		64E995F025F5B4E800FD427C /* Register.storyboard in Resources */ = {isa = PBXBuildFile; fileRef = 64E995EF25F5B4E800FD427C /* Register.storyboard */; };
		64E995F325F5B50200FD427C /* RegisterViewController.swift in Sources */ = {isa = PBXBuildFile; fileRef = 64E995F225F5B50200FD427C /* RegisterViewController.swift */; };
		64EA3FF025FA7CF900D9CCE1 /* Righteous-Regular.ttf in Resources */ = {isa = PBXBuildFile; fileRef = 64EA3FEF25FA7CF900D9CCE1 /* Righteous-Regular.ttf */; };
		64EA3FF925FACA3400D9CCE1 /* Nunito-Regular.ttf in Resources */ = {isa = PBXBuildFile; fileRef = 64EA3FF825FACA3400D9CCE1 /* Nunito-Regular.ttf */; };
		64EA3FFC25FACA4E00D9CCE1 /* Nunito-Bold.ttf in Resources */ = {isa = PBXBuildFile; fileRef = 64EA3FFB25FACA4E00D9CCE1 /* Nunito-Bold.ttf */; };
		64EA400025FACBA100D9CCE1 /* DarkerGrotesque-Bold.ttf in Resources */ = {isa = PBXBuildFile; fileRef = 64EA3FFE25FACBA100D9CCE1 /* DarkerGrotesque-Bold.ttf */; };
		64EA400125FACBA100D9CCE1 /* DarkerGrotesque-Regular.ttf in Resources */ = {isa = PBXBuildFile; fileRef = 64EA3FFF25FACBA100D9CCE1 /* DarkerGrotesque-Regular.ttf */; };
		64EA401225FB096900D9CCE1 /* ForgotPassword.storyboard in Resources */ = {isa = PBXBuildFile; fileRef = 64EA401125FB096900D9CCE1 /* ForgotPassword.storyboard */; };
		64EA401625FB09C800D9CCE1 /* ForgotPasswordViewController.swift in Sources */ = {isa = PBXBuildFile; fileRef = 64EA401525FB09C800D9CCE1 /* ForgotPasswordViewController.swift */; };
		64EA4050260423CB00D9CCE1 /* User.swift in Sources */ = {isa = PBXBuildFile; fileRef = 64EA404F260423CB00D9CCE1 /* User.swift */; };
		64EA405326042E9700D9CCE1 /* Racer.swift in Sources */ = {isa = PBXBuildFile; fileRef = 64EA405226042E9700D9CCE1 /* Racer.swift */; };
		98BB27B1F43455DDFA5F1B74 /* Pods_WikiRacer.framework in Frameworks */ = {isa = PBXBuildFile; fileRef = 1E24BD608F91945DD0261E7B /* Pods_WikiRacer.framework */; };
		A70CDBEC2605252100269BC2 /* ShopVC.swift in Sources */ = {isa = PBXBuildFile; fileRef = A70CDBEB2605252100269BC2 /* ShopVC.swift */; };
		A7DADC7D260506A300C5B850 /* ProfileVC.swift in Sources */ = {isa = PBXBuildFile; fileRef = A7DADC7C260506A300C5B850 /* ProfileVC.swift */; };
		D10AAC1C25F6CF7800750F02 /* RoundedButton.swift in Sources */ = {isa = PBXBuildFile; fileRef = D10AAC1B25F6CF7800750F02 /* RoundedButton.swift */; };
		D12670CC25E841E900C233F9 /* AppDelegate.swift in Sources */ = {isa = PBXBuildFile; fileRef = D12670CB25E841E900C233F9 /* AppDelegate.swift */; };
		D12670CE25E841E900C233F9 /* SceneDelegate.swift in Sources */ = {isa = PBXBuildFile; fileRef = D12670CD25E841E900C233F9 /* SceneDelegate.swift */; };
		D12670D325E841E900C233F9 /* Main.storyboard in Resources */ = {isa = PBXBuildFile; fileRef = D12670D125E841E900C233F9 /* Main.storyboard */; };
		D12670D625E841E900C233F9 /* WikiRacer.xcdatamodeld in Sources */ = {isa = PBXBuildFile; fileRef = D12670D425E841E900C233F9 /* WikiRacer.xcdatamodeld */; };
		D12670D825E841EC00C233F9 /* Assets.xcassets in Resources */ = {isa = PBXBuildFile; fileRef = D12670D725E841EC00C233F9 /* Assets.xcassets */; };
		D12670DB25E841EC00C233F9 /* LaunchScreen.storyboard in Resources */ = {isa = PBXBuildFile; fileRef = D12670D925E841EC00C233F9 /* LaunchScreen.storyboard */; };
		D15A6D052601860B00DDCD85 /* GameTypeVC.swift in Sources */ = {isa = PBXBuildFile; fileRef = D15A6D042601860B00DDCD85 /* GameTypeVC.swift */; };
		D15A6D0B26018FFC00DDCD85 /* ChooseCustomStartingArticleVC.swift in Sources */ = {isa = PBXBuildFile; fileRef = D15A6D0A26018FFC00DDCD85 /* ChooseCustomStartingArticleVC.swift */; };
		D15A6D0E2601901900DDCD85 /* ChooseCustomTargetArticleVC.swift in Sources */ = {isa = PBXBuildFile; fileRef = D15A6D0D2601901900DDCD85 /* ChooseCustomTargetArticleVC.swift */; };
		D15EE909260433E40097A19E /* ViewGameVC.swift in Sources */ = {isa = PBXBuildFile; fileRef = D15EE908260433E30097A19E /* ViewGameVC.swift */; };
		D1892A22260421C200F2215F /* ProfanityFilter.swift in Sources */ = {isa = PBXBuildFile; fileRef = D1892A21260421C200F2215F /* ProfanityFilter.swift */; };
		D1B8AB9825F7345200AA128E /* Article.swift in Sources */ = {isa = PBXBuildFile; fileRef = D1B8AB9725F7345200AA128E /* Article.swift */; };
		D1F1AC1E25F5E39E00F42065 /* YouWinVC.swift in Sources */ = {isa = PBXBuildFile; fileRef = D1F1AC1925F5E39E00F42065 /* YouWinVC.swift */; };
		D1F1AC1F25F5E39E00F42065 /* ChooseTargetArticleVC.swift in Sources */ = {isa = PBXBuildFile; fileRef = D1F1AC1A25F5E39E00F42065 /* ChooseTargetArticleVC.swift */; };
		D1F1AC2025F5E39E00F42065 /* ChooseStartingArticleVC.swift in Sources */ = {isa = PBXBuildFile; fileRef = D1F1AC1B25F5E39E00F42065 /* ChooseStartingArticleVC.swift */; };
		D1F1AC2125F5E39E00F42065 /* GameVC.swift in Sources */ = {isa = PBXBuildFile; fileRef = D1F1AC1C25F5E39E00F42065 /* GameVC.swift */; };
		D1F1AC2225F5E39E00F42065 /* HomeVC.swift in Sources */ = {isa = PBXBuildFile; fileRef = D1F1AC1D25F5E39E00F42065 /* HomeVC.swift */; };
		D1F1AC2925F5E3C200F42065 /* Game.swift in Sources */ = {isa = PBXBuildFile; fileRef = D1F1AC2725F5E3C200F42065 /* Game.swift */; };
		D1F1AC2A25F5E3C200F42065 /* WikipediaTool.swift in Sources */ = {isa = PBXBuildFile; fileRef = D1F1AC2825F5E3C200F42065 /* WikipediaTool.swift */; };
		D1F9009625EB6EC600745EF9 /* GoogleService-Info.plist in Resources */ = {isa = PBXBuildFile; fileRef = D1F9009525EB6EC600745EF9 /* GoogleService-Info.plist */; };
/* End PBXBuildFile section */

/* Begin PBXFileReference section */
		1E24BD608F91945DD0261E7B /* Pods_WikiRacer.framework */ = {isa = PBXFileReference; explicitFileType = wrapper.framework; includeInIndex = 0; path = Pods_WikiRacer.framework; sourceTree = BUILT_PRODUCTS_DIR; };
		64E9955F25F596EF00FD427C /* LoginPageViewController.swift */ = {isa = PBXFileReference; lastKnownFileType = sourcecode.swift; path = LoginPageViewController.swift; sourceTree = "<group>"; };
		64E9958625F59ECD00FD427C /* Login.storyboard */ = {isa = PBXFileReference; lastKnownFileType = file.storyboard; path = Login.storyboard; sourceTree = "<group>"; };
		64E995EF25F5B4E800FD427C /* Register.storyboard */ = {isa = PBXFileReference; lastKnownFileType = file.storyboard; path = Register.storyboard; sourceTree = "<group>"; };
		64E995F225F5B50200FD427C /* RegisterViewController.swift */ = {isa = PBXFileReference; lastKnownFileType = sourcecode.swift; path = RegisterViewController.swift; sourceTree = "<group>"; };
		64EA3FEF25FA7CF900D9CCE1 /* Righteous-Regular.ttf */ = {isa = PBXFileReference; lastKnownFileType = file; path = "Righteous-Regular.ttf"; sourceTree = "<group>"; };
		64EA3FF825FACA3400D9CCE1 /* Nunito-Regular.ttf */ = {isa = PBXFileReference; lastKnownFileType = file; path = "Nunito-Regular.ttf"; sourceTree = "<group>"; };
		64EA3FFB25FACA4E00D9CCE1 /* Nunito-Bold.ttf */ = {isa = PBXFileReference; lastKnownFileType = file; path = "Nunito-Bold.ttf"; sourceTree = "<group>"; };
		64EA3FFE25FACBA100D9CCE1 /* DarkerGrotesque-Bold.ttf */ = {isa = PBXFileReference; lastKnownFileType = file; path = "DarkerGrotesque-Bold.ttf"; sourceTree = "<group>"; };
		64EA3FFF25FACBA100D9CCE1 /* DarkerGrotesque-Regular.ttf */ = {isa = PBXFileReference; lastKnownFileType = file; path = "DarkerGrotesque-Regular.ttf"; sourceTree = "<group>"; };
		64EA401125FB096900D9CCE1 /* ForgotPassword.storyboard */ = {isa = PBXFileReference; lastKnownFileType = file.storyboard; path = ForgotPassword.storyboard; sourceTree = "<group>"; };
		64EA401525FB09C800D9CCE1 /* ForgotPasswordViewController.swift */ = {isa = PBXFileReference; lastKnownFileType = sourcecode.swift; path = ForgotPasswordViewController.swift; sourceTree = "<group>"; };
		64EA404F260423CB00D9CCE1 /* User.swift */ = {isa = PBXFileReference; lastKnownFileType = sourcecode.swift; path = User.swift; sourceTree = "<group>"; };
		64EA405226042E9700D9CCE1 /* Racer.swift */ = {isa = PBXFileReference; lastKnownFileType = sourcecode.swift; path = Racer.swift; sourceTree = "<group>"; };
		995E21BF8CC8F8E077F535B8 /* Pods-WikiRacer.debug.xcconfig */ = {isa = PBXFileReference; includeInIndex = 1; lastKnownFileType = text.xcconfig; name = "Pods-WikiRacer.debug.xcconfig"; path = "Target Support Files/Pods-WikiRacer/Pods-WikiRacer.debug.xcconfig"; sourceTree = "<group>"; };
		A70CDBEB2605252100269BC2 /* ShopVC.swift */ = {isa = PBXFileReference; lastKnownFileType = sourcecode.swift; path = ShopVC.swift; sourceTree = "<group>"; };
		A7DADC7C260506A300C5B850 /* ProfileVC.swift */ = {isa = PBXFileReference; lastKnownFileType = sourcecode.swift; name = ProfileVC.swift; path = Profile/ProfileVC.swift; sourceTree = "<group>"; };
		D10AAC1B25F6CF7800750F02 /* RoundedButton.swift */ = {isa = PBXFileReference; lastKnownFileType = sourcecode.swift; path = RoundedButton.swift; sourceTree = "<group>"; };
		D12670C825E841E900C233F9 /* WikiRacer.app */ = {isa = PBXFileReference; explicitFileType = wrapper.application; includeInIndex = 0; path = WikiRacer.app; sourceTree = BUILT_PRODUCTS_DIR; };
		D12670CB25E841E900C233F9 /* AppDelegate.swift */ = {isa = PBXFileReference; lastKnownFileType = sourcecode.swift; path = AppDelegate.swift; sourceTree = "<group>"; };
		D12670CD25E841E900C233F9 /* SceneDelegate.swift */ = {isa = PBXFileReference; lastKnownFileType = sourcecode.swift; path = SceneDelegate.swift; sourceTree = "<group>"; };
		D12670D225E841E900C233F9 /* Base */ = {isa = PBXFileReference; lastKnownFileType = file.storyboard; name = Base; path = Base.lproj/Main.storyboard; sourceTree = "<group>"; };
		D12670D525E841E900C233F9 /* WikiRacer.xcdatamodel */ = {isa = PBXFileReference; lastKnownFileType = wrapper.xcdatamodel; path = WikiRacer.xcdatamodel; sourceTree = "<group>"; };
		D12670D725E841EC00C233F9 /* Assets.xcassets */ = {isa = PBXFileReference; lastKnownFileType = folder.assetcatalog; path = Assets.xcassets; sourceTree = "<group>"; };
		D12670DA25E841EC00C233F9 /* Base */ = {isa = PBXFileReference; lastKnownFileType = file.storyboard; name = Base; path = Base.lproj/LaunchScreen.storyboard; sourceTree = "<group>"; };
		D12670DC25E841EC00C233F9 /* Info.plist */ = {isa = PBXFileReference; lastKnownFileType = text.plist.xml; path = Info.plist; sourceTree = "<group>"; };
		D15A6D042601860B00DDCD85 /* GameTypeVC.swift */ = {isa = PBXFileReference; lastKnownFileType = sourcecode.swift; path = GameTypeVC.swift; sourceTree = "<group>"; };
		D15A6D0A26018FFC00DDCD85 /* ChooseCustomStartingArticleVC.swift */ = {isa = PBXFileReference; lastKnownFileType = sourcecode.swift; path = ChooseCustomStartingArticleVC.swift; sourceTree = "<group>"; };
		D15A6D0D2601901900DDCD85 /* ChooseCustomTargetArticleVC.swift */ = {isa = PBXFileReference; lastKnownFileType = sourcecode.swift; path = ChooseCustomTargetArticleVC.swift; sourceTree = "<group>"; };
		D15EE908260433E30097A19E /* ViewGameVC.swift */ = {isa = PBXFileReference; lastKnownFileType = sourcecode.swift; path = ViewGameVC.swift; sourceTree = "<group>"; };
		D1892A21260421C200F2215F /* ProfanityFilter.swift */ = {isa = PBXFileReference; fileEncoding = 4; lastKnownFileType = sourcecode.swift; path = ProfanityFilter.swift; sourceTree = "<group>"; };
		D1B8AB9725F7345200AA128E /* Article.swift */ = {isa = PBXFileReference; lastKnownFileType = sourcecode.swift; path = Article.swift; sourceTree = "<group>"; };
		D1F1AC1925F5E39E00F42065 /* YouWinVC.swift */ = {isa = PBXFileReference; fileEncoding = 4; lastKnownFileType = sourcecode.swift; path = YouWinVC.swift; sourceTree = "<group>"; };
		D1F1AC1A25F5E39E00F42065 /* ChooseTargetArticleVC.swift */ = {isa = PBXFileReference; fileEncoding = 4; lastKnownFileType = sourcecode.swift; path = ChooseTargetArticleVC.swift; sourceTree = "<group>"; };
		D1F1AC1B25F5E39E00F42065 /* ChooseStartingArticleVC.swift */ = {isa = PBXFileReference; fileEncoding = 4; lastKnownFileType = sourcecode.swift; path = ChooseStartingArticleVC.swift; sourceTree = "<group>"; };
		D1F1AC1C25F5E39E00F42065 /* GameVC.swift */ = {isa = PBXFileReference; fileEncoding = 4; lastKnownFileType = sourcecode.swift; path = GameVC.swift; sourceTree = "<group>"; };
		D1F1AC1D25F5E39E00F42065 /* HomeVC.swift */ = {isa = PBXFileReference; fileEncoding = 4; lastKnownFileType = sourcecode.swift; path = HomeVC.swift; sourceTree = "<group>"; };
		D1F1AC2725F5E3C200F42065 /* Game.swift */ = {isa = PBXFileReference; lastKnownFileType = sourcecode.swift; path = Game.swift; sourceTree = "<group>"; };
		D1F1AC2825F5E3C200F42065 /* WikipediaTool.swift */ = {isa = PBXFileReference; lastKnownFileType = sourcecode.swift; path = WikipediaTool.swift; sourceTree = "<group>"; };
		D1F9009525EB6EC600745EF9 /* GoogleService-Info.plist */ = {isa = PBXFileReference; fileEncoding = 4; lastKnownFileType = text.plist.xml; path = "GoogleService-Info.plist"; sourceTree = "<group>"; };
		F975A3C1526CE486DD6D795F /* Pods-WikiRacer.release.xcconfig */ = {isa = PBXFileReference; includeInIndex = 1; lastKnownFileType = text.xcconfig; name = "Pods-WikiRacer.release.xcconfig"; path = "Target Support Files/Pods-WikiRacer/Pods-WikiRacer.release.xcconfig"; sourceTree = "<group>"; };
/* End PBXFileReference section */

/* Begin PBXFrameworksBuildPhase section */
		D12670C525E841E800C233F9 /* Frameworks */ = {
			isa = PBXFrameworksBuildPhase;
			buildActionMask = 2147483647;
			files = (
				98BB27B1F43455DDFA5F1B74 /* Pods_WikiRacer.framework in Frameworks */,
				646DC6D325ECAD6200DB7DA6 /* WikipediaKit in Frameworks */,
			);
			runOnlyForDeploymentPostprocessing = 0;
		};
/* End PBXFrameworksBuildPhase section */

/* Begin PBXGroup section */
		64E9955925F2E2F500FD427C /* View Controllers */ = {
			isa = PBXGroup;
			children = (
				D19D867A25FAF556000C421B /* Login */,
				D19D867925FAF53C000C421B /* Article Selection */,
				D19D867825FAF521000C421B /* Gameplay */,
				D1F1AC1D25F5E39E00F42065 /* HomeVC.swift */,
				A7DADC7C260506A300C5B850 /* ProfileVC.swift */,
				A70CDBEB2605252100269BC2 /* ShopVC.swift */,
			);
			path = "View Controllers";
			sourceTree = "<group>";
		};
		64E9955A25F2E33500FD427C /* Storyboards */ = {
			isa = PBXGroup;
			children = (
				D12670D925E841EC00C233F9 /* LaunchScreen.storyboard */,
				D12670D125E841E900C233F9 /* Main.storyboard */,
				64E9958625F59ECD00FD427C /* Login.storyboard */,
				64E995EF25F5B4E800FD427C /* Register.storyboard */,
				64EA401125FB096900D9CCE1 /* ForgotPassword.storyboard */,
			);
			path = Storyboards;
			sourceTree = "<group>";
		};
		64EA3FEE25FA7C9800D9CCE1 /* Fonts */ = {
			isa = PBXGroup;
			children = (
				64EA3FEF25FA7CF900D9CCE1 /* Righteous-Regular.ttf */,
				64EA3FF825FACA3400D9CCE1 /* Nunito-Regular.ttf */,
				64EA3FFB25FACA4E00D9CCE1 /* Nunito-Bold.ttf */,
				64EA3FFE25FACBA100D9CCE1 /* DarkerGrotesque-Bold.ttf */,
				64EA3FFF25FACBA100D9CCE1 /* DarkerGrotesque-Regular.ttf */,
			);
			path = Fonts;
			sourceTree = "<group>";
		};
		CF014ABCFA4369762657BE7C /* Frameworks */ = {
			isa = PBXGroup;
			children = (
				1E24BD608F91945DD0261E7B /* Pods_WikiRacer.framework */,
			);
			name = Frameworks;
			sourceTree = "<group>";
		};
		D12670BF25E841E800C233F9 = {
			isa = PBXGroup;
			children = (
				D12670CA25E841E900C233F9 /* WikiRacer */,
				D12670C925E841E900C233F9 /* Products */,
				F0699A2FF806332E6E85B95A /* Pods */,
				CF014ABCFA4369762657BE7C /* Frameworks */,
			);
			sourceTree = "<group>";
		};
		D12670C925E841E900C233F9 /* Products */ = {
			isa = PBXGroup;
			children = (
				D12670C825E841E900C233F9 /* WikiRacer.app */,
			);
			name = Products;
			sourceTree = "<group>";
		};
		D12670CA25E841E900C233F9 /* WikiRacer */ = {
			isa = PBXGroup;
			children = (
				64EA3FEE25FA7C9800D9CCE1 /* Fonts */,
				64E9955A25F2E33500FD427C /* Storyboards */,
				64E9955925F2E2F500FD427C /* View Controllers */,
				D19D867725FAF4DC000C421B /* Supporting Files */,
				D12670CB25E841E900C233F9 /* AppDelegate.swift */,
				D12670CD25E841E900C233F9 /* SceneDelegate.swift */,
				D12670D725E841EC00C233F9 /* Assets.xcassets */,
				D12670DC25E841EC00C233F9 /* Info.plist */,
				D1F9009525EB6EC600745EF9 /* GoogleService-Info.plist */,
				D12670D425E841E900C233F9 /* WikiRacer.xcdatamodeld */,
			);
			path = WikiRacer;
			sourceTree = "<group>";
		};
		D19D867725FAF4DC000C421B /* Supporting Files */ = {
			isa = PBXGroup;
			children = (
				D1B8AB9725F7345200AA128E /* Article.swift */,
				D1F1AC2725F5E3C200F42065 /* Game.swift */,
				D1892A21260421C200F2215F /* ProfanityFilter.swift */,
				D10AAC1B25F6CF7800750F02 /* RoundedButton.swift */,
				D1F1AC2825F5E3C200F42065 /* WikipediaTool.swift */,
				64EA404F260423CB00D9CCE1 /* User.swift */,
				64EA405226042E9700D9CCE1 /* Racer.swift */,
			);
			name = "Supporting Files";
			path = "View Controllers/Supporting Files";
			sourceTree = "<group>";
		};
		D19D867825FAF521000C421B /* Gameplay */ = {
			isa = PBXGroup;
			children = (
				D1F1AC1C25F5E39E00F42065 /* GameVC.swift */,
				D1F1AC1925F5E39E00F42065 /* YouWinVC.swift */,
				D15A6D042601860B00DDCD85 /* GameTypeVC.swift */,
				D15EE908260433E30097A19E /* ViewGameVC.swift */,
			);
			path = Gameplay;
			sourceTree = "<group>";
		};
		D19D867925FAF53C000C421B /* Article Selection */ = {
			isa = PBXGroup;
			children = (
				D1F1AC1B25F5E39E00F42065 /* ChooseStartingArticleVC.swift */,
				D1F1AC1A25F5E39E00F42065 /* ChooseTargetArticleVC.swift */,
				D15A6D0A26018FFC00DDCD85 /* ChooseCustomStartingArticleVC.swift */,
				D15A6D0D2601901900DDCD85 /* ChooseCustomTargetArticleVC.swift */,
			);
			path = "Article Selection";
			sourceTree = "<group>";
		};
		D19D867A25FAF556000C421B /* Login */ = {
			isa = PBXGroup;
			children = (
				64E9955F25F596EF00FD427C /* LoginPageViewController.swift */,
				64E995F225F5B50200FD427C /* RegisterViewController.swift */,
				64EA401525FB09C800D9CCE1 /* ForgotPasswordViewController.swift */,
			);
			path = Login;
			sourceTree = "<group>";
		};
		F0699A2FF806332E6E85B95A /* Pods */ = {
			isa = PBXGroup;
			children = (
				995E21BF8CC8F8E077F535B8 /* Pods-WikiRacer.debug.xcconfig */,
				F975A3C1526CE486DD6D795F /* Pods-WikiRacer.release.xcconfig */,
			);
			path = Pods;
			sourceTree = "<group>";
		};
/* End PBXGroup section */

/* Begin PBXNativeTarget section */
		D12670C725E841E800C233F9 /* WikiRacer */ = {
			isa = PBXNativeTarget;
			buildConfigurationList = D12670DF25E841EC00C233F9 /* Build configuration list for PBXNativeTarget "WikiRacer" */;
			buildPhases = (
				FB4D58EDF7EF90B9BD15F7D6 /* [CP] Check Pods Manifest.lock */,
				D12670C425E841E800C233F9 /* Sources */,
				D12670C525E841E800C233F9 /* Frameworks */,
				D12670C625E841E800C233F9 /* Resources */,
				4C23A7181037DB1D18D78D85 /* [CP] Embed Pods Frameworks */,
			);
			buildRules = (
			);
			dependencies = (
			);
			name = WikiRacer;
			packageProductDependencies = (
				646DC6D225ECAD6200DB7DA6 /* WikipediaKit */,
			);
			productName = WikiRacer;
			productReference = D12670C825E841E900C233F9 /* WikiRacer.app */;
			productType = "com.apple.product-type.application";
		};
/* End PBXNativeTarget section */

/* Begin PBXProject section */
		D12670C025E841E800C233F9 /* Project object */ = {
			isa = PBXProject;
			attributes = {
				LastSwiftUpdateCheck = 1240;
				LastUpgradeCheck = 1240;
				TargetAttributes = {
					D12670C725E841E800C233F9 = {
						CreatedOnToolsVersion = 12.4;
					};
				};
			};
			buildConfigurationList = D12670C325E841E800C233F9 /* Build configuration list for PBXProject "WikiRacer" */;
			compatibilityVersion = "Xcode 9.3";
			developmentRegion = en;
			hasScannedForEncodings = 0;
			knownRegions = (
				en,
				Base,
			);
			mainGroup = D12670BF25E841E800C233F9;
			packageReferences = (
				646DC6D125ECAD6200DB7DA6 /* XCRemoteSwiftPackageReference "WikipediaKit" */,
			);
			productRefGroup = D12670C925E841E900C233F9 /* Products */;
			projectDirPath = "";
			projectRoot = "";
			targets = (
				D12670C725E841E800C233F9 /* WikiRacer */,
			);
		};
/* End PBXProject section */

/* Begin PBXResourcesBuildPhase section */
		D12670C625E841E800C233F9 /* Resources */ = {
			isa = PBXResourcesBuildPhase;
			buildActionMask = 2147483647;
			files = (
				64EA400025FACBA100D9CCE1 /* DarkerGrotesque-Bold.ttf in Resources */,
				D12670DB25E841EC00C233F9 /* LaunchScreen.storyboard in Resources */,
				64E9958725F59ECD00FD427C /* Login.storyboard in Resources */,
				64EA3FF925FACA3400D9CCE1 /* Nunito-Regular.ttf in Resources */,
				64EA400125FACBA100D9CCE1 /* DarkerGrotesque-Regular.ttf in Resources */,
				64EA401225FB096900D9CCE1 /* ForgotPassword.storyboard in Resources */,
				D1F9009625EB6EC600745EF9 /* GoogleService-Info.plist in Resources */,
				64EA3FFC25FACA4E00D9CCE1 /* Nunito-Bold.ttf in Resources */,
				D12670D825E841EC00C233F9 /* Assets.xcassets in Resources */,
				64EA3FF025FA7CF900D9CCE1 /* Righteous-Regular.ttf in Resources */,
				D12670D325E841E900C233F9 /* Main.storyboard in Resources */,
				64E995F025F5B4E800FD427C /* Register.storyboard in Resources */,
			);
			runOnlyForDeploymentPostprocessing = 0;
		};
/* End PBXResourcesBuildPhase section */

/* Begin PBXShellScriptBuildPhase section */
		4C23A7181037DB1D18D78D85 /* [CP] Embed Pods Frameworks */ = {
			isa = PBXShellScriptBuildPhase;
			buildActionMask = 2147483647;
			files = (
			);
			inputFileListPaths = (
				"${PODS_ROOT}/Target Support Files/Pods-WikiRacer/Pods-WikiRacer-frameworks-${CONFIGURATION}-input-files.xcfilelist",
			);
			name = "[CP] Embed Pods Frameworks";
			outputFileListPaths = (
				"${PODS_ROOT}/Target Support Files/Pods-WikiRacer/Pods-WikiRacer-frameworks-${CONFIGURATION}-output-files.xcfilelist",
			);
			runOnlyForDeploymentPostprocessing = 0;
			shellPath = /bin/sh;
			shellScript = "\"${PODS_ROOT}/Target Support Files/Pods-WikiRacer/Pods-WikiRacer-frameworks.sh\"\n";
			showEnvVarsInLog = 0;
		};
		FB4D58EDF7EF90B9BD15F7D6 /* [CP] Check Pods Manifest.lock */ = {
			isa = PBXShellScriptBuildPhase;
			buildActionMask = 2147483647;
			files = (
			);
			inputFileListPaths = (
			);
			inputPaths = (
				"${PODS_PODFILE_DIR_PATH}/Podfile.lock",
				"${PODS_ROOT}/Manifest.lock",
			);
			name = "[CP] Check Pods Manifest.lock";
			outputFileListPaths = (
			);
			outputPaths = (
				"$(DERIVED_FILE_DIR)/Pods-WikiRacer-checkManifestLockResult.txt",
			);
			runOnlyForDeploymentPostprocessing = 0;
			shellPath = /bin/sh;
			shellScript = "diff \"${PODS_PODFILE_DIR_PATH}/Podfile.lock\" \"${PODS_ROOT}/Manifest.lock\" > /dev/null\nif [ $? != 0 ] ; then\n    # print error to STDERR\n    echo \"error: The sandbox is not in sync with the Podfile.lock. Run 'pod install' or update your CocoaPods installation.\" >&2\n    exit 1\nfi\n# This output is used by Xcode 'outputs' to avoid re-running this script phase.\necho \"SUCCESS\" > \"${SCRIPT_OUTPUT_FILE_0}\"\n";
			showEnvVarsInLog = 0;
		};
/* End PBXShellScriptBuildPhase section */

/* Begin PBXSourcesBuildPhase section */
		D12670C425E841E800C233F9 /* Sources */ = {
			isa = PBXSourcesBuildPhase;
			buildActionMask = 2147483647;
			files = (
				D15A6D0E2601901900DDCD85 /* ChooseCustomTargetArticleVC.swift in Sources */,
				A7DADC7D260506A300C5B850 /* ProfileVC.swift in Sources */,
				D1B8AB9825F7345200AA128E /* Article.swift in Sources */,
				64EA405326042E9700D9CCE1 /* Racer.swift in Sources */,
				D12670CC25E841E900C233F9 /* AppDelegate.swift in Sources */,
				D1892A22260421C200F2215F /* ProfanityFilter.swift in Sources */,
				D15A6D052601860B00DDCD85 /* GameTypeVC.swift in Sources */,
				D1F1AC2225F5E39E00F42065 /* HomeVC.swift in Sources */,
				D1F1AC1E25F5E39E00F42065 /* YouWinVC.swift in Sources */,
				D1F1AC2025F5E39E00F42065 /* ChooseStartingArticleVC.swift in Sources */,
				A70CDBEC2605252100269BC2 /* ShopVC.swift in Sources */,
				64EA4050260423CB00D9CCE1 /* User.swift in Sources */,
				D1F1AC1F25F5E39E00F42065 /* ChooseTargetArticleVC.swift in Sources */,
				D15EE909260433E40097A19E /* ViewGameVC.swift in Sources */,
				D12670CE25E841E900C233F9 /* SceneDelegate.swift in Sources */,
				D1F1AC2925F5E3C200F42065 /* Game.swift in Sources */,
				64E995F325F5B50200FD427C /* RegisterViewController.swift in Sources */,
				64E9956025F596EF00FD427C /* LoginPageViewController.swift in Sources */,
				D15A6D0B26018FFC00DDCD85 /* ChooseCustomStartingArticleVC.swift in Sources */,
				D1F1AC2125F5E39E00F42065 /* GameVC.swift in Sources */,
				64EA401625FB09C800D9CCE1 /* ForgotPasswordViewController.swift in Sources */,
				D12670D625E841E900C233F9 /* WikiRacer.xcdatamodeld in Sources */,
				D1F1AC2A25F5E3C200F42065 /* WikipediaTool.swift in Sources */,
				D10AAC1C25F6CF7800750F02 /* RoundedButton.swift in Sources */,
			);
			runOnlyForDeploymentPostprocessing = 0;
		};
/* End PBXSourcesBuildPhase section */

/* Begin PBXVariantGroup section */
		D12670D125E841E900C233F9 /* Main.storyboard */ = {
			isa = PBXVariantGroup;
			children = (
				D12670D225E841E900C233F9 /* Base */,
			);
			name = Main.storyboard;
			sourceTree = "<group>";
		};
		D12670D925E841EC00C233F9 /* LaunchScreen.storyboard */ = {
			isa = PBXVariantGroup;
			children = (
				D12670DA25E841EC00C233F9 /* Base */,
			);
			name = LaunchScreen.storyboard;
			sourceTree = "<group>";
		};
/* End PBXVariantGroup section */

/* Begin XCBuildConfiguration section */
		D12670DD25E841EC00C233F9 /* Debug */ = {
			isa = XCBuildConfiguration;
			buildSettings = {
				ALWAYS_SEARCH_USER_PATHS = NO;
				CLANG_ANALYZER_NONNULL = YES;
				CLANG_ANALYZER_NUMBER_OBJECT_CONVERSION = YES_AGGRESSIVE;
				CLANG_CXX_LANGUAGE_STANDARD = "gnu++14";
				CLANG_CXX_LIBRARY = "libc++";
				CLANG_ENABLE_MODULES = YES;
				CLANG_ENABLE_OBJC_ARC = YES;
				CLANG_ENABLE_OBJC_WEAK = YES;
				CLANG_WARN_BLOCK_CAPTURE_AUTORELEASING = YES;
				CLANG_WARN_BOOL_CONVERSION = YES;
				CLANG_WARN_COMMA = YES;
				CLANG_WARN_CONSTANT_CONVERSION = YES;
				CLANG_WARN_DEPRECATED_OBJC_IMPLEMENTATIONS = YES;
				CLANG_WARN_DIRECT_OBJC_ISA_USAGE = YES_ERROR;
				CLANG_WARN_DOCUMENTATION_COMMENTS = YES;
				CLANG_WARN_EMPTY_BODY = YES;
				CLANG_WARN_ENUM_CONVERSION = YES;
				CLANG_WARN_INFINITE_RECURSION = YES;
				CLANG_WARN_INT_CONVERSION = YES;
				CLANG_WARN_NON_LITERAL_NULL_CONVERSION = YES;
				CLANG_WARN_OBJC_IMPLICIT_RETAIN_SELF = YES;
				CLANG_WARN_OBJC_LITERAL_CONVERSION = YES;
				CLANG_WARN_OBJC_ROOT_CLASS = YES_ERROR;
				CLANG_WARN_QUOTED_INCLUDE_IN_FRAMEWORK_HEADER = YES;
				CLANG_WARN_RANGE_LOOP_ANALYSIS = YES;
				CLANG_WARN_STRICT_PROTOTYPES = YES;
				CLANG_WARN_SUSPICIOUS_MOVE = YES;
				CLANG_WARN_UNGUARDED_AVAILABILITY = YES_AGGRESSIVE;
				CLANG_WARN_UNREACHABLE_CODE = YES;
				CLANG_WARN__DUPLICATE_METHOD_MATCH = YES;
				COPY_PHASE_STRIP = NO;
				DEBUG_INFORMATION_FORMAT = dwarf;
				ENABLE_STRICT_OBJC_MSGSEND = YES;
				ENABLE_TESTABILITY = YES;
				GCC_C_LANGUAGE_STANDARD = gnu11;
				GCC_DYNAMIC_NO_PIC = NO;
				GCC_NO_COMMON_BLOCKS = YES;
				GCC_OPTIMIZATION_LEVEL = 0;
				GCC_PREPROCESSOR_DEFINITIONS = (
					"DEBUG=1",
					"$(inherited)",
				);
				GCC_WARN_64_TO_32_BIT_CONVERSION = YES;
				GCC_WARN_ABOUT_RETURN_TYPE = YES_ERROR;
				GCC_WARN_UNDECLARED_SELECTOR = YES;
				GCC_WARN_UNINITIALIZED_AUTOS = YES_AGGRESSIVE;
				GCC_WARN_UNUSED_FUNCTION = YES;
				GCC_WARN_UNUSED_VARIABLE = YES;
				IPHONEOS_DEPLOYMENT_TARGET = 14.4;
				MTL_ENABLE_DEBUG_INFO = INCLUDE_SOURCE;
				MTL_FAST_MATH = YES;
				ONLY_ACTIVE_ARCH = YES;
				SDKROOT = iphoneos;
				SWIFT_ACTIVE_COMPILATION_CONDITIONS = DEBUG;
				SWIFT_OPTIMIZATION_LEVEL = "-Onone";
			};
			name = Debug;
		};
		D12670DE25E841EC00C233F9 /* Release */ = {
			isa = XCBuildConfiguration;
			buildSettings = {
				ALWAYS_SEARCH_USER_PATHS = NO;
				CLANG_ANALYZER_NONNULL = YES;
				CLANG_ANALYZER_NUMBER_OBJECT_CONVERSION = YES_AGGRESSIVE;
				CLANG_CXX_LANGUAGE_STANDARD = "gnu++14";
				CLANG_CXX_LIBRARY = "libc++";
				CLANG_ENABLE_MODULES = YES;
				CLANG_ENABLE_OBJC_ARC = YES;
				CLANG_ENABLE_OBJC_WEAK = YES;
				CLANG_WARN_BLOCK_CAPTURE_AUTORELEASING = YES;
				CLANG_WARN_BOOL_CONVERSION = YES;
				CLANG_WARN_COMMA = YES;
				CLANG_WARN_CONSTANT_CONVERSION = YES;
				CLANG_WARN_DEPRECATED_OBJC_IMPLEMENTATIONS = YES;
				CLANG_WARN_DIRECT_OBJC_ISA_USAGE = YES_ERROR;
				CLANG_WARN_DOCUMENTATION_COMMENTS = YES;
				CLANG_WARN_EMPTY_BODY = YES;
				CLANG_WARN_ENUM_CONVERSION = YES;
				CLANG_WARN_INFINITE_RECURSION = YES;
				CLANG_WARN_INT_CONVERSION = YES;
				CLANG_WARN_NON_LITERAL_NULL_CONVERSION = YES;
				CLANG_WARN_OBJC_IMPLICIT_RETAIN_SELF = YES;
				CLANG_WARN_OBJC_LITERAL_CONVERSION = YES;
				CLANG_WARN_OBJC_ROOT_CLASS = YES_ERROR;
				CLANG_WARN_QUOTED_INCLUDE_IN_FRAMEWORK_HEADER = YES;
				CLANG_WARN_RANGE_LOOP_ANALYSIS = YES;
				CLANG_WARN_STRICT_PROTOTYPES = YES;
				CLANG_WARN_SUSPICIOUS_MOVE = YES;
				CLANG_WARN_UNGUARDED_AVAILABILITY = YES_AGGRESSIVE;
				CLANG_WARN_UNREACHABLE_CODE = YES;
				CLANG_WARN__DUPLICATE_METHOD_MATCH = YES;
				COPY_PHASE_STRIP = NO;
				DEBUG_INFORMATION_FORMAT = "dwarf-with-dsym";
				ENABLE_NS_ASSERTIONS = NO;
				ENABLE_STRICT_OBJC_MSGSEND = YES;
				GCC_C_LANGUAGE_STANDARD = gnu11;
				GCC_NO_COMMON_BLOCKS = YES;
				GCC_WARN_64_TO_32_BIT_CONVERSION = YES;
				GCC_WARN_ABOUT_RETURN_TYPE = YES_ERROR;
				GCC_WARN_UNDECLARED_SELECTOR = YES;
				GCC_WARN_UNINITIALIZED_AUTOS = YES_AGGRESSIVE;
				GCC_WARN_UNUSED_FUNCTION = YES;
				GCC_WARN_UNUSED_VARIABLE = YES;
				IPHONEOS_DEPLOYMENT_TARGET = 14.4;
				MTL_ENABLE_DEBUG_INFO = NO;
				MTL_FAST_MATH = YES;
				SDKROOT = iphoneos;
				SWIFT_COMPILATION_MODE = wholemodule;
				SWIFT_OPTIMIZATION_LEVEL = "-O";
				VALIDATE_PRODUCT = YES;
			};
			name = Release;
		};
		D12670E025E841EC00C233F9 /* Debug */ = {
			isa = XCBuildConfiguration;
			baseConfigurationReference = 995E21BF8CC8F8E077F535B8 /* Pods-WikiRacer.debug.xcconfig */;
			buildSettings = {
				ASSETCATALOG_COMPILER_APPICON_NAME = AppIcon;
				ASSETCATALOG_COMPILER_GLOBAL_ACCENT_COLOR_NAME = AccentColor;
				CODE_SIGN_STYLE = Automatic;
				DEVELOPMENT_TEAM = P3HBJ3QGM2;
				INFOPLIST_FILE = WikiRacer/Info.plist;
				LD_RUNPATH_SEARCH_PATHS = (
					"$(inherited)",
					"@executable_path/Frameworks",
				);
				PRODUCT_BUNDLE_IDENTIFIER = CS378.WikiRacer.Palvisha;
				PRODUCT_NAME = "$(TARGET_NAME)";
				SWIFT_VERSION = 5.0;
				TARGETED_DEVICE_FAMILY = "1,2";
			};
			name = Debug;
		};
		D12670E125E841EC00C233F9 /* Release */ = {
			isa = XCBuildConfiguration;
			baseConfigurationReference = F975A3C1526CE486DD6D795F /* Pods-WikiRacer.release.xcconfig */;
			buildSettings = {
				ASSETCATALOG_COMPILER_APPICON_NAME = AppIcon;
				ASSETCATALOG_COMPILER_GLOBAL_ACCENT_COLOR_NAME = AccentColor;
				CODE_SIGN_STYLE = Automatic;
				DEVELOPMENT_TEAM = UWXHRPAHT3;
				INFOPLIST_FILE = WikiRacer/Info.plist;
				LD_RUNPATH_SEARCH_PATHS = (
					"$(inherited)",
					"@executable_path/Frameworks",
				);
				PRODUCT_BUNDLE_IDENTIFIER = CS378.WikiRacer;
				PRODUCT_NAME = "$(TARGET_NAME)";
				SWIFT_VERSION = 5.0;
				TARGETED_DEVICE_FAMILY = "1,2";
			};
			name = Release;
		};
/* End XCBuildConfiguration section */

/* Begin XCConfigurationList section */
		D12670C325E841E800C233F9 /* Build configuration list for PBXProject "WikiRacer" */ = {
			isa = XCConfigurationList;
			buildConfigurations = (
				D12670DD25E841EC00C233F9 /* Debug */,
				D12670DE25E841EC00C233F9 /* Release */,
			);
			defaultConfigurationIsVisible = 0;
			defaultConfigurationName = Release;
		};
		D12670DF25E841EC00C233F9 /* Build configuration list for PBXNativeTarget "WikiRacer" */ = {
			isa = XCConfigurationList;
			buildConfigurations = (
				D12670E025E841EC00C233F9 /* Debug */,
				D12670E125E841EC00C233F9 /* Release */,
			);
			defaultConfigurationIsVisible = 0;
			defaultConfigurationName = Release;
		};
/* End XCConfigurationList section */

/* Begin XCRemoteSwiftPackageReference section */
		646DC6D125ECAD6200DB7DA6 /* XCRemoteSwiftPackageReference "WikipediaKit" */ = {
			isa = XCRemoteSwiftPackageReference;
			repositoryURL = "https://github.com/Raureif/WikipediaKit.git";
			requirement = {
				kind = upToNextMajorVersion;
				minimumVersion = 3.0.2;
			};
		};
/* End XCRemoteSwiftPackageReference section */

/* Begin XCSwiftPackageProductDependency section */
		646DC6D225ECAD6200DB7DA6 /* WikipediaKit */ = {
			isa = XCSwiftPackageProductDependency;
			package = 646DC6D125ECAD6200DB7DA6 /* XCRemoteSwiftPackageReference "WikipediaKit" */;
			productName = WikipediaKit;
		};
/* End XCSwiftPackageProductDependency section */

/* Begin XCVersionGroup section */
		D12670D425E841E900C233F9 /* WikiRacer.xcdatamodeld */ = {
			isa = XCVersionGroup;
			children = (
				D12670D525E841E900C233F9 /* WikiRacer.xcdatamodel */,
			);
			currentVersion = D12670D525E841E900C233F9 /* WikiRacer.xcdatamodel */;
			path = WikiRacer.xcdatamodeld;
			sourceTree = "<group>";
			versionGroupType = wrapper.xcdatamodel;
		};
/* End XCVersionGroup section */
	};
	rootObject = D12670C025E841E800C233F9 /* Project object */;
}
